
Microsoft Visual Studio Solution File, Format Version 12.00
# Visual Studio Version 16
VisualStudioVersion = 16.0.30002.166
MinimumVisualStudioVersion = 10.0.40219.1
Project("{FAE04EC0-301F-11D3-BF4B-00C04F79EFBC}") = "QuantityMeasurementBackend", "QuantityMeasurementBackend.csproj", "{823BC24E-FE01-47EA-BB0F-41FC6665DA93}"
EndProject
Project("{FAE04EC0-301F-11D3-BF4B-00C04F79EFBC}") = "Model", "..\Model\Model.csproj", "{4E5AEB1A-A65F-4FE9-9359-0F36DF100C4B}"
EndProject
Project("{FAE04EC0-301F-11D3-BF4B-00C04F79EFBC}") = "Repository", "..\Repository\Repository.csproj", "{9B729E7C-56DF-4798-8275-CEFACED02A5F}"
EndProject
Project("{FAE04EC0-301F-11D3-BF4B-00C04F79EFBC}") = "Manager", "..\Manager\Manager.csproj", "{681ACB1C-1E45-4965-BD7B-211F890F869F}"
EndProject
Global
	GlobalSection(SolutionConfigurationPlatforms) = preSolution
		Debug|Any CPU = Debug|Any CPU
		Release|Any CPU = Release|Any CPU
	EndGlobalSection
	GlobalSection(ProjectConfigurationPlatforms) = postSolution
		{823BC24E-FE01-47EA-BB0F-41FC6665DA93}.Debug|Any CPU.ActiveCfg = Debug|Any CPU
		{823BC24E-FE01-47EA-BB0F-41FC6665DA93}.Debug|Any CPU.Build.0 = Debug|Any CPU
		{823BC24E-FE01-47EA-BB0F-41FC6665DA93}.Release|Any CPU.ActiveCfg = Release|Any CPU
		{823BC24E-FE01-47EA-BB0F-41FC6665DA93}.Release|Any CPU.Build.0 = Release|Any CPU
		{4E5AEB1A-A65F-4FE9-9359-0F36DF100C4B}.Debug|Any CPU.ActiveCfg = Debug|Any CPU
		{4E5AEB1A-A65F-4FE9-9359-0F36DF100C4B}.Debug|Any CPU.Build.0 = Debug|Any CPU
		{4E5AEB1A-A65F-4FE9-9359-0F36DF100C4B}.Release|Any CPU.ActiveCfg = Release|Any CPU
		{4E5AEB1A-A65F-4FE9-9359-0F36DF100C4B}.Release|Any CPU.Build.0 = Release|Any CPU
		{9B729E7C-56DF-4798-8275-CEFACED02A5F}.Debug|Any CPU.ActiveCfg = Debug|Any CPU
		{9B729E7C-56DF-4798-8275-CEFACED02A5F}.Debug|Any CPU.Build.0 = Debug|Any CPU
		{9B729E7C-56DF-4798-8275-CEFACED02A5F}.Release|Any CPU.ActiveCfg = Release|Any CPU
		{9B729E7C-56DF-4798-8275-CEFACED02A5F}.Release|Any CPU.Build.0 = Release|Any CPU
		{681ACB1C-1E45-4965-BD7B-211F890F869F}.Debug|Any CPU.ActiveCfg = Debug|Any CPU
		{681ACB1C-1E45-4965-BD7B-211F890F869F}.Debug|Any CPU.Build.0 = Debug|Any CPU
		{681ACB1C-1E45-4965-BD7B-211F890F869F}.Release|Any CPU.ActiveCfg = Release|Any CPU
		{681ACB1C-1E45-4965-BD7B-211F890F869F}.Release|Any CPU.Build.0 = Release|Any CPU
	EndGlobalSection
	GlobalSection(SolutionProperties) = preSolution
		HideSolutionNode = FALSE
	EndGlobalSection
	GlobalSection(ExtensibilityGlobals) = postSolution
		SolutionGuid = {230CBCCC-DEA4-42D3-A829-C3C8AE375EC2}
	EndGlobalSection
EndGlobal
