
Microsoft Visual Studio Solution File, Format Version 12.00
# Visual Studio Version 16
VisualStudioVersion = 16.0.29728.190
MinimumVisualStudioVersion = 10.0.40219.1
Project("{FAE04EC0-301F-11D3-BF4B-00C04F79EFBC}") = "EmployeeCRUD", "EmployeeCRUD.csproj", "{658819EC-C7BB-44F7-A3DD-A6A2B068D730}"
EndProject
Global
	GlobalSection(SolutionConfigurationPlatforms) = preSolution
		Debug|Any CPU = Debug|Any CPU
		Release|Any CPU = Release|Any CPU
	EndGlobalSection
	GlobalSection(ProjectConfigurationPlatforms) = postSolution
		{658819EC-C7BB-44F7-A3DD-A6A2B068D730}.Debug|Any CPU.ActiveCfg = Debug|Any CPU
		{658819EC-C7BB-44F7-A3DD-A6A2B068D730}.Debug|Any CPU.Build.0 = Debug|Any CPU
		{658819EC-C7BB-44F7-A3DD-A6A2B068D730}.Release|Any CPU.ActiveCfg = Release|Any CPU
		{658819EC-C7BB-44F7-A3DD-A6A2B068D730}.Release|Any CPU.Build.0 = Release|Any CPU
	EndGlobalSection
	GlobalSection(SolutionProperties) = preSolution
		HideSolutionNode = FALSE
	EndGlobalSection
	GlobalSection(ExtensibilityGlobals) = postSolution
		SolutionGuid = {2CD5556F-F2C6-45D8-88CB-AF16B74217D4}
	EndGlobalSection
EndGlobal
